// !$*UTF8*$!
{
	archiveVersion = 1;
	classes = {
	};
	objectVersion = 70;
	objects = {

/* Begin PBXContainerItemProxy section */
		67E9D5E32C7107E000F80C65 /* PBXContainerItemProxy */ = {
			isa = PBXContainerItemProxy;
			containerPortal = 67E9D5CA2C7107DE00F80C65 /* Project object */;
			proxyType = 1;
			remoteGlobalIDString = 67E9D5D12C7107DE00F80C65;
			remoteInfo = MapTestII;
		};
		67E9D5ED2C7107E000F80C65 /* PBXContainerItemProxy */ = {
			isa = PBXContainerItemProxy;
			containerPortal = 67E9D5CA2C7107DE00F80C65 /* Project object */;
			proxyType = 1;
			remoteGlobalIDString = 67E9D5D12C7107DE00F80C65;
			remoteInfo = MapTestII;
		};
/* End PBXContainerItemProxy section */

/* Begin PBXFileReference section */
		67E9D5D22C7107DE00F80C65 /* MapTestII.app */ = {isa = PBXFileReference; explicitFileType = wrapper.application; includeInIndex = 0; path = MapTestII.app; sourceTree = BUILT_PRODUCTS_DIR; };
		67E9D5E22C7107E000F80C65 /* MapTestIITests.xctest */ = {isa = PBXFileReference; explicitFileType = wrapper.cfbundle; includeInIndex = 0; path = MapTestIITests.xctest; sourceTree = BUILT_PRODUCTS_DIR; };
		67E9D5EC2C7107E000F80C65 /* MapTestIIUITests.xctest */ = {isa = PBXFileReference; explicitFileType = wrapper.cfbundle; includeInIndex = 0; path = MapTestIIUITests.xctest; sourceTree = BUILT_PRODUCTS_DIR; };
/* End PBXFileReference section */

/* Begin PBXFileSystemSynchronizedBuildFileExceptionSet section */
		67E9D6022C7109BC00F80C65 /* PBXFileSystemSynchronizedBuildFileExceptionSet */ = {
			isa = PBXFileSystemSynchronizedBuildFileExceptionSet;
			membershipExceptions = (
				Info.plist,
			);
			target = 67E9D5D12C7107DE00F80C65 /* MapTestII */;
		};
/* End PBXFileSystemSynchronizedBuildFileExceptionSet section */

/* Begin PBXFileSystemSynchronizedRootGroup section */
		67E9D5D42C7107DE00F80C65 /* MapTestII */ = {isa = PBXFileSystemSynchronizedRootGroup; exceptions = (67E9D6022C7109BC00F80C65 /* PBXFileSystemSynchronizedBuildFileExceptionSet */, ); explicitFileTypes = {}; explicitFolders = (); path = MapTestII; sourceTree = "<group>"; };
		67E9D5E52C7107E000F80C65 /* MapTestIITests */ = {isa = PBXFileSystemSynchronizedRootGroup; explicitFileTypes = {}; explicitFolders = (); path = MapTestIITests; sourceTree = "<group>"; };
		67E9D5EF2C7107E000F80C65 /* MapTestIIUITests */ = {isa = PBXFileSystemSynchronizedRootGroup; explicitFileTypes = {}; explicitFolders = (); path = MapTestIIUITests; sourceTree = "<group>"; };
/* End PBXFileSystemSynchronizedRootGroup section */

/* Begin PBXFrameworksBuildPhase section */
		67E9D5CF2C7107DE00F80C65 /* Frameworks */ = {
			isa = PBXFrameworksBuildPhase;
			buildActionMask = 2147483647;
			files = (
			);
			runOnlyForDeploymentPostprocessing = 0;
		};
		67E9D5DF2C7107E000F80C65 /* Frameworks */ = {
			isa = PBXFrameworksBuildPhase;
			buildActionMask = 2147483647;
			files = (
			);
			runOnlyForDeploymentPostprocessing = 0;
		};
		67E9D5E92C7107E000F80C65 /* Frameworks */ = {
			isa = PBXFrameworksBuildPhase;
			buildActionMask = 2147483647;
			files = (
			);
			runOnlyForDeploymentPostprocessing = 0;
		};
/* End PBXFrameworksBuildPhase section */

/* Begin PBXGroup section */
		67E9D5C92C7107DE00F80C65 = {
			isa = PBXGroup;
			children = (
				67E9D5D42C7107DE00F80C65 /* MapTestII */,
				67E9D5E52C7107E000F80C65 /* MapTestIITests */,
				67E9D5EF2C7107E000F80C65 /* MapTestIIUITests */,
				67E9D5D32C7107DE00F80C65 /* Products */,
			);
			sourceTree = "<group>";
		};
		67E9D5D32C7107DE00F80C65 /* Products */ = {
			isa = PBXGroup;
			children = (
				67E9D5D22C7107DE00F80C65 /* MapTestII.app */,
				67E9D5E22C7107E000F80C65 /* MapTestIITests.xctest */,
				67E9D5EC2C7107E000F80C65 /* MapTestIIUITests.xctest */,
			);
			name = Products;
			sourceTree = "<group>";
		};
/* End PBXGroup section */

/* Begin PBXNativeTarget section */
		67E9D5D12C7107DE00F80C65 /* MapTestII */ = {
			isa = PBXNativeTarget;
			buildConfigurationList = 67E9D5F62C7107E000F80C65 /* Build configuration list for PBXNativeTarget "MapTestII" */;
			buildPhases = (
				67E9D5CE2C7107DE00F80C65 /* Sources */,
				67E9D5CF2C7107DE00F80C65 /* Frameworks */,
				67E9D5D02C7107DE00F80C65 /* Resources */,
			);
			buildRules = (
			);
			dependencies = (
			);
			fileSystemSynchronizedGroups = (
				67E9D5D42C7107DE00F80C65 /* MapTestII */,
			);
			name = MapTestII;
			packageProductDependencies = (
			);
			productName = MapTestII;
			productReference = 67E9D5D22C7107DE00F80C65 /* MapTestII.app */;
			productType = "com.apple.product-type.application";
		};
		67E9D5E12C7107E000F80C65 /* MapTestIITests */ = {
			isa = PBXNativeTarget;
			buildConfigurationList = 67E9D5F92C7107E000F80C65 /* Build configuration list for PBXNativeTarget "MapTestIITests" */;
			buildPhases = (
				67E9D5DE2C7107E000F80C65 /* Sources */,
				67E9D5DF2C7107E000F80C65 /* Frameworks */,
				67E9D5E02C7107E000F80C65 /* Resources */,
			);
			buildRules = (
			);
			dependencies = (
				67E9D5E42C7107E000F80C65 /* PBXTargetDependency */,
			);
			fileSystemSynchronizedGroups = (
				67E9D5E52C7107E000F80C65 /* MapTestIITests */,
			);
			name = MapTestIITests;
			packageProductDependencies = (
			);
			productName = MapTestIITests;
			productReference = 67E9D5E22C7107E000F80C65 /* MapTestIITests.xctest */;
			productType = "com.apple.product-type.bundle.unit-test";
		};
		67E9D5EB2C7107E000F80C65 /* MapTestIIUITests */ = {
			isa = PBXNativeTarget;
			buildConfigurationList = 67E9D5FC2C7107E000F80C65 /* Build configuration list for PBXNativeTarget "MapTestIIUITests" */;
			buildPhases = (
				67E9D5E82C7107E000F80C65 /* Sources */,
				67E9D5E92C7107E000F80C65 /* Frameworks */,
				67E9D5EA2C7107E000F80C65 /* Resources */,
			);
			buildRules = (
			);
			dependencies = (
				67E9D5EE2C7107E000F80C65 /* PBXTargetDependency */,
			);
			fileSystemSynchronizedGroups = (
				67E9D5EF2C7107E000F80C65 /* MapTestIIUITests */,
			);
			name = MapTestIIUITests;
			packageProductDependencies = (
			);
			productName = MapTestIIUITests;
			productReference = 67E9D5EC2C7107E000F80C65 /* MapTestIIUITests.xctest */;
			productType = "com.apple.product-type.bundle.ui-testing";
		};
/* End PBXNativeTarget section */

/* Begin PBXProject section */
		67E9D5CA2C7107DE00F80C65 /* Project object */ = {
			isa = PBXProject;
			attributes = {
				BuildIndependentTargetsInParallel = 1;
				LastSwiftUpdateCheck = 1600;
				LastUpgradeCheck = 1600;
				TargetAttributes = {
					67E9D5D12C7107DE00F80C65 = {
						CreatedOnToolsVersion = 16.0;
					};
					67E9D5E12C7107E000F80C65 = {
						CreatedOnToolsVersion = 16.0;
						TestTargetID = 67E9D5D12C7107DE00F80C65;
					};
					67E9D5EB2C7107E000F80C65 = {
						CreatedOnToolsVersion = 16.0;
						TestTargetID = 67E9D5D12C7107DE00F80C65;
					};
				};
			};
			buildConfigurationList = 67E9D5CD2C7107DE00F80C65 /* Build configuration list for PBXProject "MapTestII" */;
			compatibilityVersion = "Xcode 15.0";
			developmentRegion = en;
			hasScannedForEncodings = 0;
			knownRegions = (
				en,
				Base,
			);
			mainGroup = 67E9D5C92C7107DE00F80C65;
			productRefGroup = 67E9D5D32C7107DE00F80C65 /* Products */;
			projectDirPath = "";
			projectRoot = "";
			targets = (
				67E9D5D12C7107DE00F80C65 /* MapTestII */,
				67E9D5E12C7107E000F80C65 /* MapTestIITests */,
				67E9D5EB2C7107E000F80C65 /* MapTestIIUITests */,
			);
		};
/* End PBXProject section */

/* Begin PBXResourcesBuildPhase section */
		67E9D5D02C7107DE00F80C65 /* Resources */ = {
			isa = PBXResourcesBuildPhase;
			buildActionMask = 2147483647;
			files = (
			);
			runOnlyForDeploymentPostprocessing = 0;
		};
		67E9D5E02C7107E000F80C65 /* Resources */ = {
			isa = PBXResourcesBuildPhase;
			buildActionMask = 2147483647;
			files = (
			);
			runOnlyForDeploymentPostprocessing = 0;
		};
		67E9D5EA2C7107E000F80C65 /* Resources */ = {
			isa = PBXResourcesBuildPhase;
			buildActionMask = 2147483647;
			files = (
			);
			runOnlyForDeploymentPostprocessing = 0;
		};
/* End PBXResourcesBuildPhase section */

/* Begin PBXSourcesBuildPhase section */
		67E9D5CE2C7107DE00F80C65 /* Sources */ = {
			isa = PBXSourcesBuildPhase;
			buildActionMask = 2147483647;
			files = (
			);
			runOnlyForDeploymentPostprocessing = 0;
		};
		67E9D5DE2C7107E000F80C65 /* Sources */ = {
			isa = PBXSourcesBuildPhase;
			buildActionMask = 2147483647;
			files = (
			);
			runOnlyForDeploymentPostprocessing = 0;
		};
		67E9D5E82C7107E000F80C65 /* Sources */ = {
			isa = PBXSourcesBuildPhase;
			buildActionMask = 2147483647;
			files = (
			);
			runOnlyForDeploymentPostprocessing = 0;
		};
/* End PBXSourcesBuildPhase section */

/* Begin PBXTargetDependency section */
		67E9D5E42C7107E000F80C65 /* PBXTargetDependency */ = {
			isa = PBXTargetDependency;
			target = 67E9D5D12C7107DE00F80C65 /* MapTestII */;
			targetProxy = 67E9D5E32C7107E000F80C65 /* PBXContainerItemProxy */;
		};
		67E9D5EE2C7107E000F80C65 /* PBXTargetDependency */ = {
			isa = PBXTargetDependency;
			target = 67E9D5D12C7107DE00F80C65 /* MapTestII */;
			targetProxy = 67E9D5ED2C7107E000F80C65 /* PBXContainerItemProxy */;
		};
/* End PBXTargetDependency section */

/* Begin XCBuildConfiguration section */
		67E9D5F42C7107E000F80C65 /* Debug */ = {
			isa = XCBuildConfiguration;
			buildSettings = {
				ALWAYS_SEARCH_USER_PATHS = NO;
				ASSETCATALOG_COMPILER_GENERATE_SWIFT_ASSET_SYMBOL_EXTENSIONS = YES;
				CLANG_ANALYZER_NONNULL = YES;
				CLANG_ANALYZER_NUMBER_OBJECT_CONVERSION = YES_AGGRESSIVE;
				CLANG_CXX_LANGUAGE_STANDARD = "gnu++20";
				CLANG_ENABLE_MODULES = YES;
				CLANG_ENABLE_OBJC_ARC = YES;
				CLANG_ENABLE_OBJC_WEAK = YES;
				CLANG_WARN_BLOCK_CAPTURE_AUTORELEASING = YES;
				CLANG_WARN_BOOL_CONVERSION = YES;
				CLANG_WARN_COMMA = YES;
				CLANG_WARN_CONSTANT_CONVERSION = YES;
				CLANG_WARN_DEPRECATED_OBJC_IMPLEMENTATIONS = YES;
				CLANG_WARN_DIRECT_OBJC_ISA_USAGE = YES_ERROR;
				CLANG_WARN_DOCUMENTATION_COMMENTS = YES;
				CLANG_WARN_EMPTY_BODY = YES;
				CLANG_WARN_ENUM_CONVERSION = YES;
				CLANG_WARN_INFINITE_RECURSION = YES;
				CLANG_WARN_INT_CONVERSION = YES;
				CLANG_WARN_NON_LITERAL_NULL_CONVERSION = YES;
				CLANG_WARN_OBJC_IMPLICIT_RETAIN_SELF = YES;
				CLANG_WARN_OBJC_LITERAL_CONVERSION = YES;
				CLANG_WARN_OBJC_ROOT_CLASS = YES_ERROR;
				CLANG_WARN_QUOTED_INCLUDE_IN_FRAMEWORK_HEADER = YES;
				CLANG_WARN_RANGE_LOOP_ANALYSIS = YES;
				CLANG_WARN_STRICT_PROTOTYPES = YES;
				CLANG_WARN_SUSPICIOUS_MOVE = YES;
				CLANG_WARN_UNGUARDED_AVAILABILITY = YES_AGGRESSIVE;
				CLANG_WARN_UNREACHABLE_CODE = YES;
				CLANG_WARN__DUPLICATE_METHOD_MATCH = YES;
				COPY_PHASE_STRIP = NO;
				DEBUG_INFORMATION_FORMAT = dwarf;
				ENABLE_STRICT_OBJC_MSGSEND = YES;
				ENABLE_TESTABILITY = YES;
				ENABLE_USER_SCRIPT_SANDBOXING = YES;
				GCC_C_LANGUAGE_STANDARD = gnu17;
				GCC_DYNAMIC_NO_PIC = NO;
				GCC_NO_COMMON_BLOCKS = YES;
				GCC_OPTIMIZATION_LEVEL = 0;
				GCC_PREPROCESSOR_DEFINITIONS = (
					"DEBUG=1",
					"$(inherited)",
				);
				GCC_WARN_64_TO_32_BIT_CONVERSION = YES;
				GCC_WARN_ABOUT_RETURN_TYPE = YES_ERROR;
				GCC_WARN_UNDECLARED_SELECTOR = YES;
				GCC_WARN_UNINITIALIZED_AUTOS = YES_AGGRESSIVE;
				GCC_WARN_UNUSED_FUNCTION = YES;
				GCC_WARN_UNUSED_VARIABLE = YES;
				IPHONEOS_DEPLOYMENT_TARGET = 18.0;
				LOCALIZATION_PREFERS_STRING_CATALOGS = YES;
				MTL_ENABLE_DEBUG_INFO = INCLUDE_SOURCE;
				MTL_FAST_MATH = YES;
				ONLY_ACTIVE_ARCH = YES;
				SDKROOT = iphoneos;
				SWIFT_ACTIVE_COMPILATION_CONDITIONS = "DEBUG $(inherited)";
				SWIFT_OPTIMIZATION_LEVEL = "-Onone";
			};
			name = Debug;
		};
		67E9D5F52C7107E000F80C65 /* Release */ = {
			isa = XCBuildConfiguration;
			buildSettings = {
				ALWAYS_SEARCH_USER_PATHS = NO;
				ASSETCATALOG_COMPILER_GENERATE_SWIFT_ASSET_SYMBOL_EXTENSIONS = YES;
				CLANG_ANALYZER_NONNULL = YES;
				CLANG_ANALYZER_NUMBER_OBJECT_CONVERSION = YES_AGGRESSIVE;
				CLANG_CXX_LANGUAGE_STANDARD = "gnu++20";
				CLANG_ENABLE_MODULES = YES;
				CLANG_ENABLE_OBJC_ARC = YES;
				CLANG_ENABLE_OBJC_WEAK = YES;
				CLANG_WARN_BLOCK_CAPTURE_AUTORELEASING = YES;
				CLANG_WARN_BOOL_CONVERSION = YES;
				CLANG_WARN_COMMA = YES;
				CLANG_WARN_CONSTANT_CONVERSION = YES;
				CLANG_WARN_DEPRECATED_OBJC_IMPLEMENTATIONS = YES;
				CLANG_WARN_DIRECT_OBJC_ISA_USAGE = YES_ERROR;
				CLANG_WARN_DOCUMENTATION_COMMENTS = YES;
				CLANG_WARN_EMPTY_BODY = YES;
				CLANG_WARN_ENUM_CONVERSION = YES;
				CLANG_WARN_INFINITE_RECURSION = YES;
				CLANG_WARN_INT_CONVERSION = YES;
				CLANG_WARN_NON_LITERAL_NULL_CONVERSION = YES;
				CLANG_WARN_OBJC_IMPLICIT_RETAIN_SELF = YES;
				CLANG_WARN_OBJC_LITERAL_CONVERSION = YES;
				CLANG_WARN_OBJC_ROOT_CLASS = YES_ERROR;
				CLANG_WARN_QUOTED_INCLUDE_IN_FRAMEWORK_HEADER = YES;
				CLANG_WARN_RANGE_LOOP_ANALYSIS = YES;
				CLANG_WARN_STRICT_PROTOTYPES = YES;
				CLANG_WARN_SUSPICIOUS_MOVE = YES;
				CLANG_WARN_UNGUARDED_AVAILABILITY = YES_AGGRESSIVE;
				CLANG_WARN_UNREACHABLE_CODE = YES;
				CLANG_WARN__DUPLICATE_METHOD_MATCH = YES;
				COPY_PHASE_STRIP = NO;
				DEBUG_INFORMATION_FORMAT = "dwarf-with-dsym";
				ENABLE_NS_ASSERTIONS = NO;
				ENABLE_STRICT_OBJC_MSGSEND = YES;
				ENABLE_USER_SCRIPT_SANDBOXING = YES;
				GCC_C_LANGUAGE_STANDARD = gnu17;
				GCC_NO_COMMON_BLOCKS = YES;
				GCC_WARN_64_TO_32_BIT_CONVERSION = YES;
				GCC_WARN_ABOUT_RETURN_TYPE = YES_ERROR;
				GCC_WARN_UNDECLARED_SELECTOR = YES;
				GCC_WARN_UNINITIALIZED_AUTOS = YES_AGGRESSIVE;
				GCC_WARN_UNUSED_FUNCTION = YES;
				GCC_WARN_UNUSED_VARIABLE = YES;
				IPHONEOS_DEPLOYMENT_TARGET = 18.0;
				LOCALIZATION_PREFERS_STRING_CATALOGS = YES;
				MTL_ENABLE_DEBUG_INFO = NO;
				MTL_FAST_MATH = YES;
				SDKROOT = iphoneos;
				SWIFT_COMPILATION_MODE = wholemodule;
				VALIDATE_PRODUCT = YES;
			};
			name = Release;
		};
		67E9D5F72C7107E000F80C65 /* Debug */ = {
			isa = XCBuildConfiguration;
			buildSettings = {
				ASSETCATALOG_COMPILER_APPICON_NAME = AppIcon;
				ASSETCATALOG_COMPILER_GLOBAL_ACCENT_COLOR_NAME = AccentColor;
				CODE_SIGN_STYLE = Automatic;
				CURRENT_PROJECT_VERSION = 1;
				DEVELOPMENT_ASSET_PATHS = "\"MapTestII/Preview Content\"";
				DEVELOPMENT_TEAM = 4P8V9ZC6MM;
				ENABLE_PREVIEWS = YES;
				GENERATE_INFOPLIST_FILE = YES;
				INFOPLIST_FILE = MapTestII/Info.plist;
				INFOPLIST_KEY_NSLocationWhenInUseUsageDescription = "MapTestII needs your location to show where you are on the map.";
				INFOPLIST_KEY_UIApplicationSceneManifest_Generation = YES;
				INFOPLIST_KEY_UIApplicationSupportsIndirectInputEvents = YES;
				INFOPLIST_KEY_UILaunchScreen_Generation = YES;
				INFOPLIST_KEY_UISupportedInterfaceOrientations_iPad = "UIInterfaceOrientationPortrait UIInterfaceOrientationPortraitUpsideDown UIInterfaceOrientationLandscapeLeft UIInterfaceOrientationLandscapeRight";
				INFOPLIST_KEY_UISupportedInterfaceOrientations_iPhone = "UIInterfaceOrientationPortrait UIInterfaceOrientationLandscapeLeft UIInterfaceOrientationLandscapeRight";
				IPHONEOS_DEPLOYMENT_TARGET = 18.0;
				LD_RUNPATH_SEARCH_PATHS = (
					"$(inherited)",
					"@executable_path/Frameworks",
				);
				MARKETING_VERSION = 1.0;
				PRODUCT_BUNDLE_IDENTIFIER = com.connectingpeoplesoftware.MapTestII;
				PRODUCT_NAME = "$(TARGET_NAME)";
				SWIFT_EMIT_LOC_STRINGS = YES;
				SWIFT_VERSION = 5.0;
				TARGETED_DEVICE_FAMILY = "1,2";
			};
			name = Debug;
		};
		67E9D5F82C7107E000F80C65 /* Release */ = {
			isa = XCBuildConfiguration;
			buildSettings = {
				ASSETCATALOG_COMPILER_APPICON_NAME = AppIcon;
				ASSETCATALOG_COMPILER_GLOBAL_ACCENT_COLOR_NAME = AccentColor;
				CODE_SIGN_STYLE = Automatic;
				CURRENT_PROJECT_VERSION = 1;
				DEVELOPMENT_ASSET_PATHS = "\"MapTestII/Preview Content\"";
				DEVELOPMENT_TEAM = 4P8V9ZC6MM;
				ENABLE_PREVIEWS = YES;
				GENERATE_INFOPLIST_FILE = YES;
				INFOPLIST_FILE = MapTestII/Info.plist;
				INFOPLIST_KEY_NSLocationWhenInUseUsageDescription = "MapTestII needs your location to show where you are on the map.";
				INFOPLIST_KEY_UIApplicationSceneManifest_Generation = YES;
				INFOPLIST_KEY_UIApplicationSupportsIndirectInputEvents = YES;
				INFOPLIST_KEY_UILaunchScreen_Generation = YES;
				INFOPLIST_KEY_UISupportedInterfaceOrientations_iPad = "UIInterfaceOrientationPortrait UIInterfaceOrientationPortraitUpsideDown UIInterfaceOrientationLandscapeLeft UIInterfaceOrientationLandscapeRight";
				INFOPLIST_KEY_UISupportedInterfaceOrientations_iPhone = "UIInterfaceOrientationPortrait UIInterfaceOrientationLandscapeLeft UIInterfaceOrientationLandscapeRight";
				IPHONEOS_DEPLOYMENT_TARGET = 18.0;
				LD_RUNPATH_SEARCH_PATHS = (
					"$(inherited)",
					"@executable_path/Frameworks",
				);
				MARKETING_VERSION = 1.0;
				PRODUCT_BUNDLE_IDENTIFIER = com.connectingpeoplesoftware.MapTestII;
				PRODUCT_NAME = "$(TARGET_NAME)";
				SWIFT_EMIT_LOC_STRINGS = YES;
				SWIFT_VERSION = 5.0;
				TARGETED_DEVICE_FAMILY = "1,2";
			};
			name = Release;
		};
		67E9D5FA2C7107E000F80C65 /* Debug */ = {
			isa = XCBuildConfiguration;
			buildSettings = {
				BUNDLE_LOADER = "$(TEST_HOST)";
				CODE_SIGN_STYLE = Automatic;
				CURRENT_PROJECT_VERSION = 1;
				DEVELOPMENT_TEAM = 4P8V9ZC6MM;
				GENERATE_INFOPLIST_FILE = YES;
				IPHONEOS_DEPLOYMENT_TARGET = 18.0;
				MARKETING_VERSION = 1.0;
				PRODUCT_BUNDLE_IDENTIFIER = com.connectingpeoplesoftware.MapTestIITests;
				PRODUCT_NAME = "$(TARGET_NAME)";
				SWIFT_EMIT_LOC_STRINGS = NO;
				SWIFT_VERSION = 5.0;
				TARGETED_DEVICE_FAMILY = "1,2";
				TEST_HOST = "$(BUILT_PRODUCTS_DIR)/MapTestII.app/$(BUNDLE_EXECUTABLE_FOLDER_PATH)/MapTestII";
			};
			name = Debug;
		};
		67E9D5FB2C7107E000F80C65 /* Release */ = {
			isa = XCBuildConfiguration;
			buildSettings = {
				BUNDLE_LOADER = "$(TEST_HOST)";
				CODE_SIGN_STYLE = Automatic;
				CURRENT_PROJECT_VERSION = 1;
				DEVELOPMENT_TEAM = 4P8V9ZC6MM;
				GENERATE_INFOPLIST_FILE = YES;
				IPHONEOS_DEPLOYMENT_TARGET = 18.0;
				MARKETING_VERSION = 1.0;
				PRODUCT_BUNDLE_IDENTIFIER = com.connectingpeoplesoftware.MapTestIITests;
				PRODUCT_NAME = "$(TARGET_NAME)";
				SWIFT_EMIT_LOC_STRINGS = NO;
				SWIFT_VERSION = 5.0;
				TARGETED_DEVICE_FAMILY = "1,2";
				TEST_HOST = "$(BUILT_PRODUCTS_DIR)/MapTestII.app/$(BUNDLE_EXECUTABLE_FOLDER_PATH)/MapTestII";
			};
			name = Release;
		};
		67E9D5FD2C7107E000F80C65 /* Debug */ = {
			isa = XCBuildConfiguration;
			buildSettings = {
				CODE_SIGN_STYLE = Automatic;
				CURRENT_PROJECT_VERSION = 1;
				DEVELOPMENT_TEAM = 4P8V9ZC6MM;
				GENERATE_INFOPLIST_FILE = YES;
				MARKETING_VERSION = 1.0;
				PRODUCT_BUNDLE_IDENTIFIER = com.connectingpeoplesoftware.MapTestIIUITests;
				PRODUCT_NAME = "$(TARGET_NAME)";
				SWIFT_EMIT_LOC_STRINGS = NO;
				SWIFT_VERSION = 5.0;
				TARGETED_DEVICE_FAMILY = "1,2";
				TEST_TARGET_NAME = MapTestII;
			};
			name = Debug;
		};
		67E9D5FE2C7107E000F80C65 /* Release */ = {
			isa = XCBuildConfiguration;
			buildSettings = {
				CODE_SIGN_STYLE = Automatic;
				CURRENT_PROJECT_VERSION = 1;
				DEVELOPMENT_TEAM = 4P8V9ZC6MM;
				GENERATE_INFOPLIST_FILE = YES;
				MARKETING_VERSION = 1.0;
				PRODUCT_BUNDLE_IDENTIFIER = com.connectingpeoplesoftware.MapTestIIUITests;
				PRODUCT_NAME = "$(TARGET_NAME)";
				SWIFT_EMIT_LOC_STRINGS = NO;
				SWIFT_VERSION = 5.0;
				TARGETED_DEVICE_FAMILY = "1,2";
				TEST_TARGET_NAME = MapTestII;
			};
			name = Release;
		};
/* End XCBuildConfiguration section */

/* Begin XCConfigurationList section */
		67E9D5CD2C7107DE00F80C65 /* Build configuration list for PBXProject "MapTestII" */ = {
			isa = XCConfigurationList;
			buildConfigurations = (
				67E9D5F42C7107E000F80C65 /* Debug */,
				67E9D5F52C7107E000F80C65 /* Release */,
			);
			defaultConfigurationIsVisible = 0;
			defaultConfigurationName = Release;
		};
		67E9D5F62C7107E000F80C65 /* Build configuration list for PBXNativeTarget "MapTestII" */ = {
			isa = XCConfigurationList;
			buildConfigurations = (
				67E9D5F72C7107E000F80C65 /* Debug */,
				67E9D5F82C7107E000F80C65 /* Release */,
			);
			defaultConfigurationIsVisible = 0;
			defaultConfigurationName = Release;
		};
		67E9D5F92C7107E000F80C65 /* Build configuration list for PBXNativeTarget "MapTestIITests" */ = {
			isa = XCConfigurationList;
			buildConfigurations = (
				67E9D5FA2C7107E000F80C65 /* Debug */,
				67E9D5FB2C7107E000F80C65 /* Release */,
			);
			defaultConfigurationIsVisible = 0;
			defaultConfigurationName = Release;
		};
		67E9D5FC2C7107E000F80C65 /* Build configuration list for PBXNativeTarget "MapTestIIUITests" */ = {
			isa = XCConfigurationList;
			buildConfigurations = (
				67E9D5FD2C7107E000F80C65 /* Debug */,
				67E9D5FE2C7107E000F80C65 /* Release */,
			);
			defaultConfigurationIsVisible = 0;
			defaultConfigurationName = Release;
		};
/* End XCConfigurationList section */
	};
	rootObject = 67E9D5CA2C7107DE00F80C65 /* Project object */;
}
